
Microsoft Visual Studio Solution File, Format Version 12.00
# Visual Studio 15
VisualStudioVersion = 15.0.28307.271
MinimumVisualStudioVersion = 10.0.40219.1
Project("{FAE04EC0-301F-11D3-BF4B-00C04F79EFBC}") = "CLight", "CLight\CLight.csproj", "{80D94B55-9EAA-4CA9-8226-58A7F4F15DE5}"
EndProject
Global
	GlobalSection(SolutionConfigurationPlatforms) = preSolution
		Debug|Any CPU = Debug|Any CPU
		Release|Any CPU = Release|Any CPU
	EndGlobalSection
	GlobalSection(ProjectConfigurationPlatforms) = postSolution
		{80D94B55-9EAA-4CA9-8226-58A7F4F15DE5}.Debug|Any CPU.ActiveCfg = Debug|Any CPU
		{80D94B55-9EAA-4CA9-8226-58A7F4F15DE5}.Debug|Any CPU.Build.0 = Debug|Any CPU
		{80D94B55-9EAA-4CA9-8226-58A7F4F15DE5}.Release|Any CPU.ActiveCfg = Release|Any CPU
		{80D94B55-9EAA-4CA9-8226-58A7F4F15DE5}.Release|Any CPU.Build.0 = Release|Any CPU
	EndGlobalSection
	GlobalSection(SolutionProperties) = preSolution
		HideSolutionNode = FALSE
	EndGlobalSection
	GlobalSection(ExtensibilityGlobals) = postSolution
		SolutionGuid = {39389228-EFEB-4A0A-A0BC-1309D7D33ABD}
	EndGlobalSection
EndGlobal
